
Microsoft Visual Studio Solution File, Format Version 12.00
# Visual Studio 2013
VisualStudioVersion = 12.0.40629.0
MinimumVisualStudioVersion = 10.0.40219.1
Project("{FAE04EC0-301F-11D3-BF4B-00C04F79EFBC}") = "Jamal's Time Module", "SHA Chapter 2\Jamal's Time Module.csproj", "{A51109A3-3FE5-467D-A4B2-53349BC92ADD}"
EndProject
Global
	GlobalSection(SolutionConfigurationPlatforms) = preSolution
		Debug|Any CPU = Debug|Any CPU
		Release|Any CPU = Release|Any CPU
	EndGlobalSection
	GlobalSection(ProjectConfigurationPlatforms) = postSolution
		{A51109A3-3FE5-467D-A4B2-53349BC92ADD}.Debug|Any CPU.ActiveCfg = Debug|Any CPU
		{A51109A3-3FE5-467D-A4B2-53349BC92ADD}.Debug|Any CPU.Build.0 = Debug|Any CPU
		{A51109A3-3FE5-467D-A4B2-53349BC92ADD}.Release|Any CPU.ActiveCfg = Release|Any CPU
		{A51109A3-3FE5-467D-A4B2-53349BC92ADD}.Release|Any CPU.Build.0 = Release|Any CPU
	EndGlobalSection
	GlobalSection(SolutionProperties) = preSolution
		HideSolutionNode = FALSE
	EndGlobalSection
EndGlobal
